
Microsoft Visual Studio Solution File, Format Version 12.00
# Visual Studio Version 17
VisualStudioVersion = 17.8.34408.163
MinimumVisualStudioVersion = 10.0.40219.1
Project("{F184B08F-C81C-45F6-A57F-5ABD9991F28F}") = "BurgerGUI", "BurgerGUI.vbproj", "{DEDF83F8-D4FC-47F8-8668-067FA24F4A13}"
EndProject
Global
	GlobalSection(SolutionConfigurationPlatforms) = preSolution
		Debug|Any CPU = Debug|Any CPU
		Release|Any CPU = Release|Any CPU
	EndGlobalSection
	GlobalSection(ProjectConfigurationPlatforms) = postSolution
		{DEDF83F8-D4FC-47F8-8668-067FA24F4A13}.Debug|Any CPU.ActiveCfg = Debug|Any CPU
		{DEDF83F8-D4FC-47F8-8668-067FA24F4A13}.Debug|Any CPU.Build.0 = Debug|Any CPU
		{DEDF83F8-D4FC-47F8-8668-067FA24F4A13}.Release|Any CPU.ActiveCfg = Release|Any CPU
		{DEDF83F8-D4FC-47F8-8668-067FA24F4A13}.Release|Any CPU.Build.0 = Release|Any CPU
	EndGlobalSection
	GlobalSection(SolutionProperties) = preSolution
		HideSolutionNode = FALSE
	EndGlobalSection
	GlobalSection(ExtensibilityGlobals) = postSolution
		SolutionGuid = {F9B1FFC1-ECEF-4A38-8FFA-8F9E045EEB35}
	EndGlobalSection
EndGlobal
